
Microsoft Visual Studio Solution File, Format Version 12.00
# Visual Studio Version 17
VisualStudioVersion = 17.4.33213.308
MinimumVisualStudioVersion = 10.0.40219.1
Project("{9A19103F-16F7-4668-BE54-9A1E7A4F7556}") = "WindowsFormsPart", "WindowsFormsPart\WindowsFormsPart.csproj", "{D9A3EEBF-0B73-425A-9875-844F6B4412F6}"
EndProject
Project("{9A19103F-16F7-4668-BE54-9A1E7A4F7556}") = "DAL", "DAL\DAL.csproj", "{0D7D62BF-8594-4FA1-923A-D1F2FED7405C}"
EndProject
Project("{FAE04EC0-301F-11D3-BF4B-00C04F79EFBC}") = "WPFPart", "WPFPart\WPFPart.csproj", "{C729D9CA-0D77-40DF-82EE-97670DDD7A48}"
EndProject
Global
	GlobalSection(SolutionConfigurationPlatforms) = preSolution
		Debug|Any CPU = Debug|Any CPU
		Release|Any CPU = Release|Any CPU
	EndGlobalSection
	GlobalSection(ProjectConfigurationPlatforms) = postSolution
		{D9A3EEBF-0B73-425A-9875-844F6B4412F6}.Debug|Any CPU.ActiveCfg = Debug|Any CPU
		{D9A3EEBF-0B73-425A-9875-844F6B4412F6}.Debug|Any CPU.Build.0 = Debug|Any CPU
		{D9A3EEBF-0B73-425A-9875-844F6B4412F6}.Release|Any CPU.ActiveCfg = Release|Any CPU
		{D9A3EEBF-0B73-425A-9875-844F6B4412F6}.Release|Any CPU.Build.0 = Release|Any CPU
		{0D7D62BF-8594-4FA1-923A-D1F2FED7405C}.Debug|Any CPU.ActiveCfg = Debug|Any CPU
		{0D7D62BF-8594-4FA1-923A-D1F2FED7405C}.Debug|Any CPU.Build.0 = Debug|Any CPU
		{0D7D62BF-8594-4FA1-923A-D1F2FED7405C}.Release|Any CPU.ActiveCfg = Release|Any CPU
		{0D7D62BF-8594-4FA1-923A-D1F2FED7405C}.Release|Any CPU.Build.0 = Release|Any CPU
		{C729D9CA-0D77-40DF-82EE-97670DDD7A48}.Debug|Any CPU.ActiveCfg = Debug|Any CPU
		{C729D9CA-0D77-40DF-82EE-97670DDD7A48}.Debug|Any CPU.Build.0 = Debug|Any CPU
		{C729D9CA-0D77-40DF-82EE-97670DDD7A48}.Release|Any CPU.ActiveCfg = Release|Any CPU
		{C729D9CA-0D77-40DF-82EE-97670DDD7A48}.Release|Any CPU.Build.0 = Release|Any CPU
	EndGlobalSection
	GlobalSection(SolutionProperties) = preSolution
		HideSolutionNode = FALSE
	EndGlobalSection
	GlobalSection(ExtensibilityGlobals) = postSolution
		SolutionGuid = {B272D2E2-873F-4819-9407-4AFE863A775C}
	EndGlobalSection
EndGlobal
